
Microsoft Visual Studio Solution File, Format Version 12.00
# Visual Studio Version 17
VisualStudioVersion = 17.2.32602.215
MinimumVisualStudioVersion = 10.0.40219.1
Project("{FAE04EC0-301F-11D3-BF4B-00C04F79EFBC}") = "Pro1-Donguler", "Pro1-Donguler\Pro1-Donguler.csproj", "{5C46137C-D4CC-4DD9-9DF6-6178A9AA291E}"
EndProject
Global
	GlobalSection(SolutionConfigurationPlatforms) = preSolution
		Debug|Any CPU = Debug|Any CPU
		Release|Any CPU = Release|Any CPU
	EndGlobalSection
	GlobalSection(ProjectConfigurationPlatforms) = postSolution
		{5C46137C-D4CC-4DD9-9DF6-6178A9AA291E}.Debug|Any CPU.ActiveCfg = Debug|Any CPU
		{5C46137C-D4CC-4DD9-9DF6-6178A9AA291E}.Debug|Any CPU.Build.0 = Debug|Any CPU
		{5C46137C-D4CC-4DD9-9DF6-6178A9AA291E}.Release|Any CPU.ActiveCfg = Release|Any CPU
		{5C46137C-D4CC-4DD9-9DF6-6178A9AA291E}.Release|Any CPU.Build.0 = Release|Any CPU
	EndGlobalSection
	GlobalSection(SolutionProperties) = preSolution
		HideSolutionNode = FALSE
	EndGlobalSection
	GlobalSection(ExtensibilityGlobals) = postSolution
		SolutionGuid = {14A8DEC6-7345-4C94-8509-B0902288B88F}
	EndGlobalSection
EndGlobal
